
Microsoft Visual Studio Solution File, Format Version 12.00
# Visual Studio Version 16
VisualStudioVersion = 16.0.31911.196
MinimumVisualStudioVersion = 10.0.40219.1
Project("{8BC9CEB8-8B4A-11D0-8D11-00A0C91BC942}") = "ProducerConsumer", "ProducerConsumer\ProducerConsumer.vcxproj", "{16BF3349-232A-4532-B5F9-6696C86BC7AE}"
EndProject
Global
	GlobalSection(SolutionConfigurationPlatforms) = preSolution
		Debug|x64 = Debug|x64
		Debug|x86 = Debug|x86
		Release|x64 = Release|x64
		Release|x86 = Release|x86
	EndGlobalSection
	GlobalSection(ProjectConfigurationPlatforms) = postSolution
		{16BF3349-232A-4532-B5F9-6696C86BC7AE}.Debug|x64.ActiveCfg = Debug|x64
		{16BF3349-232A-4532-B5F9-6696C86BC7AE}.Debug|x64.Build.0 = Debug|x64
		{16BF3349-232A-4532-B5F9-6696C86BC7AE}.Debug|x86.ActiveCfg = Debug|Win32
		{16BF3349-232A-4532-B5F9-6696C86BC7AE}.Debug|x86.Build.0 = Debug|Win32
		{16BF3349-232A-4532-B5F9-6696C86BC7AE}.Release|x64.ActiveCfg = Release|x64
		{16BF3349-232A-4532-B5F9-6696C86BC7AE}.Release|x64.Build.0 = Release|x64
		{16BF3349-232A-4532-B5F9-6696C86BC7AE}.Release|x86.ActiveCfg = Release|Win32
		{16BF3349-232A-4532-B5F9-6696C86BC7AE}.Release|x86.Build.0 = Release|Win32
	EndGlobalSection
	GlobalSection(SolutionProperties) = preSolution
		HideSolutionNode = FALSE
	EndGlobalSection
	GlobalSection(ExtensibilityGlobals) = postSolution
		SolutionGuid = {B00FED13-2D63-4060-9AED-4E715D52F64B}
	EndGlobalSection
EndGlobal
